
Microsoft Visual Studio Solution File, Format Version 12.00
# Visual Studio Version 17
VisualStudioVersion = 17.0.32126.317
MinimumVisualStudioVersion = 10.0.40219.1
Project("{FAE04EC0-301F-11D3-BF4B-00C04F79EFBC}") = "ContaLetrasUltimaPalavra", "ContaLetrasUltimaPalavra.csproj", "{1BB90F52-35BD-4DC4-A23F-1DDC90520E8B}"
EndProject
Global
	GlobalSection(SolutionConfigurationPlatforms) = preSolution
		Debug|Any CPU = Debug|Any CPU
		Release|Any CPU = Release|Any CPU
	EndGlobalSection
	GlobalSection(ProjectConfigurationPlatforms) = postSolution
		{1BB90F52-35BD-4DC4-A23F-1DDC90520E8B}.Debug|Any CPU.ActiveCfg = Debug|Any CPU
		{1BB90F52-35BD-4DC4-A23F-1DDC90520E8B}.Debug|Any CPU.Build.0 = Debug|Any CPU
		{1BB90F52-35BD-4DC4-A23F-1DDC90520E8B}.Release|Any CPU.ActiveCfg = Release|Any CPU
		{1BB90F52-35BD-4DC4-A23F-1DDC90520E8B}.Release|Any CPU.Build.0 = Release|Any CPU
	EndGlobalSection
	GlobalSection(SolutionProperties) = preSolution
		HideSolutionNode = FALSE
	EndGlobalSection
	GlobalSection(ExtensibilityGlobals) = postSolution
		SolutionGuid = {F05DFA77-E14E-4379-9629-4A4F930CCBA2}
	EndGlobalSection
EndGlobal
